
Microsoft Visual Studio Solution File, Format Version 12.00
# Visual Studio 15
VisualStudioVersion = 15.0.28307.1231
MinimumVisualStudioVersion = 10.0.40219.1
Project("{00D1A9C2-B5F0-4AF3-8072-F6C62B433612}") = "ADW2017", "ADW2017\ADW2017.sqlproj", "{4B93C1AA-D977-486A-9E70-017935E9B969}"
EndProject
Global
	GlobalSection(SolutionConfigurationPlatforms) = preSolution
		Debug|Any CPU = Debug|Any CPU
		Release|Any CPU = Release|Any CPU
	EndGlobalSection
	GlobalSection(ProjectConfigurationPlatforms) = postSolution
		{4B93C1AA-D977-486A-9E70-017935E9B969}.Debug|Any CPU.ActiveCfg = Debug|Any CPU
		{4B93C1AA-D977-486A-9E70-017935E9B969}.Debug|Any CPU.Build.0 = Debug|Any CPU
		{4B93C1AA-D977-486A-9E70-017935E9B969}.Debug|Any CPU.Deploy.0 = Debug|Any CPU
		{4B93C1AA-D977-486A-9E70-017935E9B969}.Release|Any CPU.ActiveCfg = Release|Any CPU
		{4B93C1AA-D977-486A-9E70-017935E9B969}.Release|Any CPU.Build.0 = Release|Any CPU
		{4B93C1AA-D977-486A-9E70-017935E9B969}.Release|Any CPU.Deploy.0 = Release|Any CPU
	EndGlobalSection
	GlobalSection(SolutionProperties) = preSolution
		HideSolutionNode = FALSE
	EndGlobalSection
	GlobalSection(ExtensibilityGlobals) = postSolution
		SolutionGuid = {C3CC9405-462C-4CA7-ACAA-B98FF79D9D93}
	EndGlobalSection
EndGlobal
